// !$*UTF8*$!
{
	archiveVersion = 1;
	classes = {
	};
	objectVersion = 50;
	objects = {

/* Begin PBXBuildFile section */
		6306AFE32375D69100D685FA /* main.swift in Sources */ = {isa = PBXBuildFile; fileRef = 6306AFE22375D69100D685FA /* main.swift */; };
		6306AFEF2375D82800D685FA /* input.txt in Resources */ = {isa = PBXBuildFile; fileRef = 6306AFEE2375D82800D685FA /* input.txt */; };
		6306AFF42375D9B000D685FA /* AdventKit.framework in Frameworks */ = {isa = PBXBuildFile; fileRef = 6306AFF32375D9B000D685FA /* AdventKit.framework */; };
		6306AFF52375D9B000D685FA /* AdventKit.framework in Embed Frameworks */ = {isa = PBXBuildFile; fileRef = 6306AFF32375D9B000D685FA /* AdventKit.framework */; settings = {ATTRIBUTES = (CodeSignOnCopy, RemoveHeadersOnCopy, ); }; };
		6306B00A2375ED0600D685FA /* main.swift in Sources */ = {isa = PBXBuildFile; fileRef = 6306B0092375ED0600D685FA /* main.swift */; };
		6306B00C2375ED1800D685FA /* input.txt in Resources */ = {isa = PBXBuildFile; fileRef = 6306B00B2375ED1800D685FA /* input.txt */; };
		6306B00D2375ED5A00D685FA /* AdventKit.framework in Frameworks */ = {isa = PBXBuildFile; fileRef = 6306AFF32375D9B000D685FA /* AdventKit.framework */; };
		6306B00E2375ED5A00D685FA /* AdventKit.framework in Embed Frameworks */ = {isa = PBXBuildFile; fileRef = 6306AFF32375D9B000D685FA /* AdventKit.framework */; settings = {ATTRIBUTES = (CodeSignOnCopy, RemoveHeadersOnCopy, ); }; };
		6306B0192379B6EC00D685FA /* main.swift in Sources */ = {isa = PBXBuildFile; fileRef = 6306B0182379B6EC00D685FA /* main.swift */; };
		6306B0242379B70F00D685FA /* AdventKit.framework in Frameworks */ = {isa = PBXBuildFile; fileRef = 6306AFF32375D9B000D685FA /* AdventKit.framework */; };
		6306B0252379B70F00D685FA /* AdventKit.framework in Embed Frameworks */ = {isa = PBXBuildFile; fileRef = 6306AFF32375D9B000D685FA /* AdventKit.framework */; settings = {ATTRIBUTES = (CodeSignOnCopy, RemoveHeadersOnCopy, ); }; };
		6306B0282379B73200D685FA /* input.txt in Resources */ = {isa = PBXBuildFile; fileRef = 6306B0272379B73200D685FA /* input.txt */; };
		6306B0322379F6F300D685FA /* main.swift in Sources */ = {isa = PBXBuildFile; fileRef = 6306B0312379F6F300D685FA /* main.swift */; };
		6306B03D2379F6F900D685FA /* AdventKit.framework in Frameworks */ = {isa = PBXBuildFile; fileRef = 6306AFF32375D9B000D685FA /* AdventKit.framework */; };
		6306B03E2379F6F900D685FA /* AdventKit.framework in Embed Frameworks */ = {isa = PBXBuildFile; fileRef = 6306AFF32375D9B000D685FA /* AdventKit.framework */; settings = {ATTRIBUTES = (CodeSignOnCopy, RemoveHeadersOnCopy, ); }; };
		6306B0412379F72D00D685FA /* input.txt in Resources */ = {isa = PBXBuildFile; fileRef = 6306B0402379F72D00D685FA /* input.txt */; };
/* End PBXBuildFile section */

/* Begin PBXCopyFilesBuildPhase section */
		6306AFF62375D9B000D685FA /* Embed Frameworks */ = {
			isa = PBXCopyFilesBuildPhase;
			buildActionMask = 2147483647;
			dstPath = "";
			dstSubfolderSpec = 10;
			files = (
				6306AFF52375D9B000D685FA /* AdventKit.framework in Embed Frameworks */,
			);
			name = "Embed Frameworks";
			runOnlyForDeploymentPostprocessing = 0;
		};
		6306B00F2375ED5A00D685FA /* Embed Frameworks */ = {
			isa = PBXCopyFilesBuildPhase;
			buildActionMask = 2147483647;
			dstPath = "";
			dstSubfolderSpec = 10;
			files = (
				6306B00E2375ED5A00D685FA /* AdventKit.framework in Embed Frameworks */,
			);
			name = "Embed Frameworks";
			runOnlyForDeploymentPostprocessing = 0;
		};
		6306B0262379B70F00D685FA /* Embed Frameworks */ = {
			isa = PBXCopyFilesBuildPhase;
			buildActionMask = 2147483647;
			dstPath = "";
			dstSubfolderSpec = 10;
			files = (
				6306B0252379B70F00D685FA /* AdventKit.framework in Embed Frameworks */,
			);
			name = "Embed Frameworks";
			runOnlyForDeploymentPostprocessing = 0;
		};
		6306B03F2379F6F900D685FA /* Embed Frameworks */ = {
			isa = PBXCopyFilesBuildPhase;
			buildActionMask = 2147483647;
			dstPath = "";
			dstSubfolderSpec = 10;
			files = (
				6306B03E2379F6F900D685FA /* AdventKit.framework in Embed Frameworks */,
			);
			name = "Embed Frameworks";
			runOnlyForDeploymentPostprocessing = 0;
		};
/* End PBXCopyFilesBuildPhase section */

/* Begin PBXFileReference section */
		6306AFE02375D69100D685FA /* Day04.app */ = {isa = PBXFileReference; explicitFileType = wrapper.application; includeInIndex = 0; path = Day04.app; sourceTree = BUILT_PRODUCTS_DIR; };
		6306AFE22375D69100D685FA /* main.swift */ = {isa = PBXFileReference; lastKnownFileType = sourcecode.swift; path = main.swift; sourceTree = "<group>"; };
		6306AFE92375D69200D685FA /* Info.plist */ = {isa = PBXFileReference; lastKnownFileType = text.plist.xml; path = Info.plist; sourceTree = "<group>"; };
		6306AFEE2375D82800D685FA /* input.txt */ = {isa = PBXFileReference; lastKnownFileType = text; path = input.txt; sourceTree = "<group>"; };
		6306AFF32375D9B000D685FA /* AdventKit.framework */ = {isa = PBXFileReference; explicitFileType = wrapper.framework; path = AdventKit.framework; sourceTree = BUILT_PRODUCTS_DIR; };
		6306AFFB2375ECC900D685FA /* Day05.app */ = {isa = PBXFileReference; explicitFileType = wrapper.application; includeInIndex = 0; path = Day05.app; sourceTree = BUILT_PRODUCTS_DIR; };
		6306B0042375ECCA00D685FA /* Info.plist */ = {isa = PBXFileReference; lastKnownFileType = text.plist.xml; path = Info.plist; sourceTree = "<group>"; };
		6306B0092375ED0600D685FA /* main.swift */ = {isa = PBXFileReference; fileEncoding = 4; lastKnownFileType = sourcecode.swift; path = main.swift; sourceTree = "<group>"; };
		6306B00B2375ED1800D685FA /* input.txt */ = {isa = PBXFileReference; lastKnownFileType = text; path = input.txt; sourceTree = "<group>"; };
		6306B0162379B6EC00D685FA /* Day06.app */ = {isa = PBXFileReference; explicitFileType = wrapper.application; includeInIndex = 0; path = Day06.app; sourceTree = BUILT_PRODUCTS_DIR; };
		6306B0182379B6EC00D685FA /* main.swift */ = {isa = PBXFileReference; lastKnownFileType = sourcecode.swift; path = main.swift; sourceTree = "<group>"; };
		6306B01F2379B6ED00D685FA /* Info.plist */ = {isa = PBXFileReference; lastKnownFileType = text.plist.xml; path = Info.plist; sourceTree = "<group>"; };
		6306B0272379B73200D685FA /* input.txt */ = {isa = PBXFileReference; lastKnownFileType = text; path = input.txt; sourceTree = "<group>"; };
		6306B02F2379F6F300D685FA /* Day07.app */ = {isa = PBXFileReference; explicitFileType = wrapper.application; includeInIndex = 0; path = Day07.app; sourceTree = BUILT_PRODUCTS_DIR; };
		6306B0312379F6F300D685FA /* main.swift */ = {isa = PBXFileReference; lastKnownFileType = sourcecode.swift; path = main.swift; sourceTree = "<group>"; };
		6306B0382379F6F400D685FA /* Info.plist */ = {isa = PBXFileReference; lastKnownFileType = text.plist.xml; path = Info.plist; sourceTree = "<group>"; };
		6306B0402379F72D00D685FA /* input.txt */ = {isa = PBXFileReference; lastKnownFileType = text; path = input.txt; sourceTree = "<group>"; };
/* End PBXFileReference section */

/* Begin PBXFrameworksBuildPhase section */
		6306AFDD2375D69100D685FA /* Frameworks */ = {
			isa = PBXFrameworksBuildPhase;
			buildActionMask = 2147483647;
			files = (
				6306AFF42375D9B000D685FA /* AdventKit.framework in Frameworks */,
			);
			runOnlyForDeploymentPostprocessing = 0;
		};
		6306AFF82375ECC900D685FA /* Frameworks */ = {
			isa = PBXFrameworksBuildPhase;
			buildActionMask = 2147483647;
			files = (
				6306B00D2375ED5A00D685FA /* AdventKit.framework in Frameworks */,
			);
			runOnlyForDeploymentPostprocessing = 0;
		};
		6306B0132379B6EC00D685FA /* Frameworks */ = {
			isa = PBXFrameworksBuildPhase;
			buildActionMask = 2147483647;
			files = (
				6306B0242379B70F00D685FA /* AdventKit.framework in Frameworks */,
			);
			runOnlyForDeploymentPostprocessing = 0;
		};
		6306B02C2379F6F300D685FA /* Frameworks */ = {
			isa = PBXFrameworksBuildPhase;
			buildActionMask = 2147483647;
			files = (
				6306B03D2379F6F900D685FA /* AdventKit.framework in Frameworks */,
			);
			runOnlyForDeploymentPostprocessing = 0;
		};
/* End PBXFrameworksBuildPhase section */

/* Begin PBXGroup section */
		6306AFC22375D64200D685FA = {
			isa = PBXGroup;
			children = (
				6306AFE12375D69100D685FA /* Day04 */,
				6306AFFC2375ECC900D685FA /* Day05 */,
				6306B0172379B6EC00D685FA /* Day06 */,
				6306B0302379F6F300D685FA /* Day07 */,
				6306AFCC2375D64200D685FA /* Products */,
				6306AFF22375D9B000D685FA /* Frameworks */,
			);
			sourceTree = "<group>";
		};
		6306AFCC2375D64200D685FA /* Products */ = {
			isa = PBXGroup;
			children = (
				6306AFE02375D69100D685FA /* Day04.app */,
				6306AFFB2375ECC900D685FA /* Day05.app */,
				6306B0162379B6EC00D685FA /* Day06.app */,
				6306B02F2379F6F300D685FA /* Day07.app */,
			);
			name = Products;
			sourceTree = "<group>";
		};
		6306AFE12375D69100D685FA /* Day04 */ = {
			isa = PBXGroup;
			children = (
				6306AFE22375D69100D685FA /* main.swift */,
				6306AFE92375D69200D685FA /* Info.plist */,
				6306AFEE2375D82800D685FA /* input.txt */,
			);
			path = Day04;
			sourceTree = "<group>";
		};
		6306AFF22375D9B000D685FA /* Frameworks */ = {
			isa = PBXGroup;
			children = (
				6306AFF32375D9B000D685FA /* AdventKit.framework */,
			);
			name = Frameworks;
			sourceTree = "<group>";
		};
		6306AFFC2375ECC900D685FA /* Day05 */ = {
			isa = PBXGroup;
			children = (
				6306B0092375ED0600D685FA /* main.swift */,
				6306B0042375ECCA00D685FA /* Info.plist */,
				6306B00B2375ED1800D685FA /* input.txt */,
			);
			path = Day05;
			sourceTree = "<group>";
		};
		6306B0172379B6EC00D685FA /* Day06 */ = {
			isa = PBXGroup;
			children = (
				6306B0182379B6EC00D685FA /* main.swift */,
				6306B01F2379B6ED00D685FA /* Info.plist */,
				6306B0272379B73200D685FA /* input.txt */,
			);
			path = Day06;
			sourceTree = "<group>";
		};
		6306B0302379F6F300D685FA /* Day07 */ = {
			isa = PBXGroup;
			children = (
				6306B0312379F6F300D685FA /* main.swift */,
				6306B0382379F6F400D685FA /* Info.plist */,
				6306B0402379F72D00D685FA /* input.txt */,
			);
			path = Day07;
			sourceTree = "<group>";
		};
/* End PBXGroup section */

/* Begin PBXNativeTarget section */
		6306AFDF2375D69100D685FA /* Day04 */ = {
			isa = PBXNativeTarget;
			buildConfigurationList = 6306AFEB2375D69200D685FA /* Build configuration list for PBXNativeTarget "Day04" */;
			buildPhases = (
				6306AFDC2375D69100D685FA /* Sources */,
				6306AFDD2375D69100D685FA /* Frameworks */,
				6306AFDE2375D69100D685FA /* Resources */,
				6306AFF62375D9B000D685FA /* Embed Frameworks */,
			);
			buildRules = (
			);
			dependencies = (
			);
			name = Day04;
			productName = Day04;
			productReference = 6306AFE02375D69100D685FA /* Day04.app */;
			productType = "com.apple.product-type.application";
		};
		6306AFFA2375ECC900D685FA /* Day05 */ = {
			isa = PBXNativeTarget;
			buildConfigurationList = 6306B0062375ECCA00D685FA /* Build configuration list for PBXNativeTarget "Day05" */;
			buildPhases = (
				6306AFF72375ECC900D685FA /* Sources */,
				6306AFF82375ECC900D685FA /* Frameworks */,
				6306AFF92375ECC900D685FA /* Resources */,
				6306B00F2375ED5A00D685FA /* Embed Frameworks */,
			);
			buildRules = (
			);
			dependencies = (
			);
			name = Day05;
			productName = Day05;
			productReference = 6306AFFB2375ECC900D685FA /* Day05.app */;
			productType = "com.apple.product-type.application";
		};
		6306B0152379B6EC00D685FA /* Day06 */ = {
			isa = PBXNativeTarget;
			buildConfigurationList = 6306B0232379B6ED00D685FA /* Build configuration list for PBXNativeTarget "Day06" */;
			buildPhases = (
				6306B0122379B6EC00D685FA /* Sources */,
				6306B0132379B6EC00D685FA /* Frameworks */,
				6306B0142379B6EC00D685FA /* Resources */,
				6306B0262379B70F00D685FA /* Embed Frameworks */,
			);
			buildRules = (
			);
			dependencies = (
			);
			name = Day06;
			productName = Day06;
			productReference = 6306B0162379B6EC00D685FA /* Day06.app */;
			productType = "com.apple.product-type.application";
		};
		6306B02E2379F6F300D685FA /* Day07 */ = {
			isa = PBXNativeTarget;
			buildConfigurationList = 6306B03A2379F6F400D685FA /* Build configuration list for PBXNativeTarget "Day07" */;
			buildPhases = (
				6306B02B2379F6F300D685FA /* Sources */,
				6306B02C2379F6F300D685FA /* Frameworks */,
				6306B02D2379F6F300D685FA /* Resources */,
				6306B03F2379F6F900D685FA /* Embed Frameworks */,
			);
			buildRules = (
			);
			dependencies = (
			);
			name = Day07;
			productName = Day07;
			productReference = 6306B02F2379F6F300D685FA /* Day07.app */;
			productType = "com.apple.product-type.application";
		};
/* End PBXNativeTarget section */

/* Begin PBXProject section */
		6306AFC32375D64200D685FA /* Project object */ = {
			isa = PBXProject;
			attributes = {
				LastSwiftUpdateCheck = 1120;
				LastUpgradeCheck = 1120;
				ORGANIZATIONNAME = "Sebastian Celis";
				TargetAttributes = {
					6306AFDF2375D69100D685FA = {
						CreatedOnToolsVersion = 11.2.1;
					};
					6306AFFA2375ECC900D685FA = {
						CreatedOnToolsVersion = 11.2.1;
						LastSwiftMigration = 1120;
					};
					6306B0152379B6EC00D685FA = {
						CreatedOnToolsVersion = 11.2.1;
					};
					6306B02E2379F6F300D685FA = {
						CreatedOnToolsVersion = 11.2.1;
					};
				};
			};
			buildConfigurationList = 6306AFC62375D64200D685FA /* Build configuration list for PBXProject "2018" */;
			compatibilityVersion = "Xcode 9.3";
			developmentRegion = en;
			hasScannedForEncodings = 0;
			knownRegions = (
				en,
				Base,
			);
			mainGroup = 6306AFC22375D64200D685FA;
			productRefGroup = 6306AFCC2375D64200D685FA /* Products */;
			projectDirPath = "";
			projectRoot = "";
			targets = (
				6306AFDF2375D69100D685FA /* Day04 */,
				6306AFFA2375ECC900D685FA /* Day05 */,
				6306B0152379B6EC00D685FA /* Day06 */,
				6306B02E2379F6F300D685FA /* Day07 */,
			);
		};
/* End PBXProject section */

/* Begin PBXResourcesBuildPhase section */
		6306AFDE2375D69100D685FA /* Resources */ = {
			isa = PBXResourcesBuildPhase;
			buildActionMask = 2147483647;
			files = (
				6306AFEF2375D82800D685FA /* input.txt in Resources */,
			);
			runOnlyForDeploymentPostprocessing = 0;
		};
		6306AFF92375ECC900D685FA /* Resources */ = {
			isa = PBXResourcesBuildPhase;
			buildActionMask = 2147483647;
			files = (
				6306B00C2375ED1800D685FA /* input.txt in Resources */,
			);
			runOnlyForDeploymentPostprocessing = 0;
		};
		6306B0142379B6EC00D685FA /* Resources */ = {
			isa = PBXResourcesBuildPhase;
			buildActionMask = 2147483647;
			files = (
				6306B0282379B73200D685FA /* input.txt in Resources */,
			);
			runOnlyForDeploymentPostprocessing = 0;
		};
		6306B02D2379F6F300D685FA /* Resources */ = {
			isa = PBXResourcesBuildPhase;
			buildActionMask = 2147483647;
			files = (
				6306B0412379F72D00D685FA /* input.txt in Resources */,
			);
			runOnlyForDeploymentPostprocessing = 0;
		};
/* End PBXResourcesBuildPhase section */

/* Begin PBXSourcesBuildPhase section */
		6306AFDC2375D69100D685FA /* Sources */ = {
			isa = PBXSourcesBuildPhase;
			buildActionMask = 2147483647;
			files = (
				6306AFE32375D69100D685FA /* main.swift in Sources */,
			);
			runOnlyForDeploymentPostprocessing = 0;
		};
		6306AFF72375ECC900D685FA /* Sources */ = {
			isa = PBXSourcesBuildPhase;
			buildActionMask = 2147483647;
			files = (
				6306B00A2375ED0600D685FA /* main.swift in Sources */,
			);
			runOnlyForDeploymentPostprocessing = 0;
		};
		6306B0122379B6EC00D685FA /* Sources */ = {
			isa = PBXSourcesBuildPhase;
			buildActionMask = 2147483647;
			files = (
				6306B0192379B6EC00D685FA /* main.swift in Sources */,
			);
			runOnlyForDeploymentPostprocessing = 0;
		};
		6306B02B2379F6F300D685FA /* Sources */ = {
			isa = PBXSourcesBuildPhase;
			buildActionMask = 2147483647;
			files = (
				6306B0322379F6F300D685FA /* main.swift in Sources */,
			);
			runOnlyForDeploymentPostprocessing = 0;
		};
/* End PBXSourcesBuildPhase section */

/* Begin XCBuildConfiguration section */
		6306AFD72375D64400D685FA /* Debug */ = {
			isa = XCBuildConfiguration;
			buildSettings = {
				ALWAYS_SEARCH_USER_PATHS = NO;
				CLANG_ANALYZER_NONNULL = YES;
				CLANG_ANALYZER_NUMBER_OBJECT_CONVERSION = YES_AGGRESSIVE;
				CLANG_CXX_LANGUAGE_STANDARD = "gnu++14";
				CLANG_CXX_LIBRARY = "libc++";
				CLANG_ENABLE_MODULES = YES;
				CLANG_ENABLE_OBJC_ARC = YES;
				CLANG_ENABLE_OBJC_WEAK = YES;
				CLANG_WARN_BLOCK_CAPTURE_AUTORELEASING = YES;
				CLANG_WARN_BOOL_CONVERSION = YES;
				CLANG_WARN_COMMA = YES;
				CLANG_WARN_CONSTANT_CONVERSION = YES;
				CLANG_WARN_DEPRECATED_OBJC_IMPLEMENTATIONS = YES;
				CLANG_WARN_DIRECT_OBJC_ISA_USAGE = YES_ERROR;
				CLANG_WARN_DOCUMENTATION_COMMENTS = YES;
				CLANG_WARN_EMPTY_BODY = YES;
				CLANG_WARN_ENUM_CONVERSION = YES;
				CLANG_WARN_INFINITE_RECURSION = YES;
				CLANG_WARN_INT_CONVERSION = YES;
				CLANG_WARN_NON_LITERAL_NULL_CONVERSION = YES;
				CLANG_WARN_OBJC_IMPLICIT_RETAIN_SELF = YES;
				CLANG_WARN_OBJC_LITERAL_CONVERSION = YES;
				CLANG_WARN_OBJC_ROOT_CLASS = YES_ERROR;
				CLANG_WARN_RANGE_LOOP_ANALYSIS = YES;
				CLANG_WARN_STRICT_PROTOTYPES = YES;
				CLANG_WARN_SUSPICIOUS_MOVE = YES;
				CLANG_WARN_UNGUARDED_AVAILABILITY = YES_AGGRESSIVE;
				CLANG_WARN_UNREACHABLE_CODE = YES;
				CLANG_WARN__DUPLICATE_METHOD_MATCH = YES;
				COPY_PHASE_STRIP = NO;
				DEBUG_INFORMATION_FORMAT = dwarf;
				ENABLE_STRICT_OBJC_MSGSEND = YES;
				ENABLE_TESTABILITY = YES;
				GCC_C_LANGUAGE_STANDARD = gnu11;
				GCC_DYNAMIC_NO_PIC = NO;
				GCC_NO_COMMON_BLOCKS = YES;
				GCC_OPTIMIZATION_LEVEL = 0;
				GCC_PREPROCESSOR_DEFINITIONS = (
					"DEBUG=1",
					"$(inherited)",
				);
				GCC_WARN_64_TO_32_BIT_CONVERSION = YES;
				GCC_WARN_ABOUT_RETURN_TYPE = YES_ERROR;
				GCC_WARN_UNDECLARED_SELECTOR = YES;
				GCC_WARN_UNINITIALIZED_AUTOS = YES_AGGRESSIVE;
				GCC_WARN_UNUSED_FUNCTION = YES;
				GCC_WARN_UNUSED_VARIABLE = YES;
				MACOSX_DEPLOYMENT_TARGET = 10.14;
				MTL_ENABLE_DEBUG_INFO = INCLUDE_SOURCE;
				MTL_FAST_MATH = YES;
				ONLY_ACTIVE_ARCH = YES;
				SDKROOT = macosx;
				SWIFT_ACTIVE_COMPILATION_CONDITIONS = DEBUG;
				SWIFT_OPTIMIZATION_LEVEL = "-Onone";
			};
			name = Debug;
		};
		6306AFD82375D64400D685FA /* Release */ = {
			isa = XCBuildConfiguration;
			buildSettings = {
				ALWAYS_SEARCH_USER_PATHS = NO;
				CLANG_ANALYZER_NONNULL = YES;
				CLANG_ANALYZER_NUMBER_OBJECT_CONVERSION = YES_AGGRESSIVE;
				CLANG_CXX_LANGUAGE_STANDARD = "gnu++14";
				CLANG_CXX_LIBRARY = "libc++";
				CLANG_ENABLE_MODULES = YES;
				CLANG_ENABLE_OBJC_ARC = YES;
				CLANG_ENABLE_OBJC_WEAK = YES;
				CLANG_WARN_BLOCK_CAPTURE_AUTORELEASING = YES;
				CLANG_WARN_BOOL_CONVERSION = YES;
				CLANG_WARN_COMMA = YES;
				CLANG_WARN_CONSTANT_CONVERSION = YES;
				CLANG_WARN_DEPRECATED_OBJC_IMPLEMENTATIONS = YES;
				CLANG_WARN_DIRECT_OBJC_ISA_USAGE = YES_ERROR;
				CLANG_WARN_DOCUMENTATION_COMMENTS = YES;
				CLANG_WARN_EMPTY_BODY = YES;
				CLANG_WARN_ENUM_CONVERSION = YES;
				CLANG_WARN_INFINITE_RECURSION = YES;
				CLANG_WARN_INT_CONVERSION = YES;
				CLANG_WARN_NON_LITERAL_NULL_CONVERSION = YES;
				CLANG_WARN_OBJC_IMPLICIT_RETAIN_SELF = YES;
				CLANG_WARN_OBJC_LITERAL_CONVERSION = YES;
				CLANG_WARN_OBJC_ROOT_CLASS = YES_ERROR;
				CLANG_WARN_RANGE_LOOP_ANALYSIS = YES;
				CLANG_WARN_STRICT_PROTOTYPES = YES;
				CLANG_WARN_SUSPICIOUS_MOVE = YES;
				CLANG_WARN_UNGUARDED_AVAILABILITY = YES_AGGRESSIVE;
				CLANG_WARN_UNREACHABLE_CODE = YES;
				CLANG_WARN__DUPLICATE_METHOD_MATCH = YES;
				COPY_PHASE_STRIP = NO;
				DEBUG_INFORMATION_FORMAT = "dwarf-with-dsym";
				ENABLE_NS_ASSERTIONS = NO;
				ENABLE_STRICT_OBJC_MSGSEND = YES;
				GCC_C_LANGUAGE_STANDARD = gnu11;
				GCC_NO_COMMON_BLOCKS = YES;
				GCC_WARN_64_TO_32_BIT_CONVERSION = YES;
				GCC_WARN_ABOUT_RETURN_TYPE = YES_ERROR;
				GCC_WARN_UNDECLARED_SELECTOR = YES;
				GCC_WARN_UNINITIALIZED_AUTOS = YES_AGGRESSIVE;
				GCC_WARN_UNUSED_FUNCTION = YES;
				GCC_WARN_UNUSED_VARIABLE = YES;
				MACOSX_DEPLOYMENT_TARGET = 10.14;
				MTL_ENABLE_DEBUG_INFO = NO;
				MTL_FAST_MATH = YES;
				SDKROOT = macosx;
				SWIFT_COMPILATION_MODE = wholemodule;
				SWIFT_OPTIMIZATION_LEVEL = "-O";
			};
			name = Release;
		};
		6306AFEC2375D69200D685FA /* Debug */ = {
			isa = XCBuildConfiguration;
			buildSettings = {
				CODE_SIGN_STYLE = Automatic;
				COMBINE_HIDPI_IMAGES = YES;
				DEVELOPMENT_TEAM = 4DS2QCZC54;
				ENABLE_HARDENED_RUNTIME = YES;
				INFOPLIST_FILE = Day04/Info.plist;
				LD_RUNPATH_SEARCH_PATHS = (
					"$(inherited)",
					"@executable_path/../Frameworks",
				);
				PRODUCT_BUNDLE_IDENTIFIER = com.sebastiancelis.Day04;
				PRODUCT_NAME = "$(TARGET_NAME)";
				SWIFT_VERSION = 5.0;
			};
			name = Debug;
		};
		6306AFED2375D69200D685FA /* Release */ = {
			isa = XCBuildConfiguration;
			buildSettings = {
				CODE_SIGN_STYLE = Automatic;
				COMBINE_HIDPI_IMAGES = YES;
				DEVELOPMENT_TEAM = 4DS2QCZC54;
				ENABLE_HARDENED_RUNTIME = YES;
				INFOPLIST_FILE = Day04/Info.plist;
				LD_RUNPATH_SEARCH_PATHS = (
					"$(inherited)",
					"@executable_path/../Frameworks",
				);
				PRODUCT_BUNDLE_IDENTIFIER = com.sebastiancelis.Day04;
				PRODUCT_NAME = "$(TARGET_NAME)";
				SWIFT_VERSION = 5.0;
			};
			name = Release;
		};
		6306B0072375ECCA00D685FA /* Debug */ = {
			isa = XCBuildConfiguration;
			buildSettings = {
				ASSETCATALOG_COMPILER_APPICON_NAME = AppIcon;
				CLANG_ENABLE_MODULES = YES;
				CODE_SIGN_STYLE = Automatic;
				COMBINE_HIDPI_IMAGES = YES;
				DEVELOPMENT_TEAM = 4DS2QCZC54;
				ENABLE_HARDENED_RUNTIME = YES;
				INFOPLIST_FILE = Day05/Info.plist;
				LD_RUNPATH_SEARCH_PATHS = (
					"$(inherited)",
					"@executable_path/../Frameworks",
				);
				PRODUCT_BUNDLE_IDENTIFIER = com.sebastiancelis.Day05;
				PRODUCT_NAME = "$(TARGET_NAME)";
				SWIFT_OPTIMIZATION_LEVEL = "-Onone";
				SWIFT_VERSION = 5.0;
			};
			name = Debug;
		};
		6306B0082375ECCA00D685FA /* Release */ = {
			isa = XCBuildConfiguration;
			buildSettings = {
				ASSETCATALOG_COMPILER_APPICON_NAME = AppIcon;
				CLANG_ENABLE_MODULES = YES;
				CODE_SIGN_STYLE = Automatic;
				COMBINE_HIDPI_IMAGES = YES;
				DEVELOPMENT_TEAM = 4DS2QCZC54;
				ENABLE_HARDENED_RUNTIME = YES;
				INFOPLIST_FILE = Day05/Info.plist;
				LD_RUNPATH_SEARCH_PATHS = (
					"$(inherited)",
					"@executable_path/../Frameworks",
				);
				PRODUCT_BUNDLE_IDENTIFIER = com.sebastiancelis.Day05;
				PRODUCT_NAME = "$(TARGET_NAME)";
				SWIFT_VERSION = 5.0;
			};
			name = Release;
		};
		6306B0212379B6ED00D685FA /* Debug */ = {
			isa = XCBuildConfiguration;
			buildSettings = {
				ASSETCATALOG_COMPILER_APPICON_NAME = AppIcon;
				CODE_SIGN_STYLE = Automatic;
				COMBINE_HIDPI_IMAGES = YES;
				DEVELOPMENT_TEAM = 4DS2QCZC54;
				ENABLE_HARDENED_RUNTIME = YES;
				INFOPLIST_FILE = Day06/Info.plist;
				LD_RUNPATH_SEARCH_PATHS = (
					"$(inherited)",
					"@executable_path/../Frameworks",
				);
				PRODUCT_BUNDLE_IDENTIFIER = com.sebastiancelis.Day06;
				PRODUCT_NAME = "$(TARGET_NAME)";
				SWIFT_VERSION = 5.0;
			};
			name = Debug;
		};
		6306B0222379B6ED00D685FA /* Release */ = {
			isa = XCBuildConfiguration;
			buildSettings = {
				ASSETCATALOG_COMPILER_APPICON_NAME = AppIcon;
				CODE_SIGN_STYLE = Automatic;
				COMBINE_HIDPI_IMAGES = YES;
				DEVELOPMENT_TEAM = 4DS2QCZC54;
				ENABLE_HARDENED_RUNTIME = YES;
				INFOPLIST_FILE = Day06/Info.plist;
				LD_RUNPATH_SEARCH_PATHS = (
					"$(inherited)",
					"@executable_path/../Frameworks",
				);
				PRODUCT_BUNDLE_IDENTIFIER = com.sebastiancelis.Day06;
				PRODUCT_NAME = "$(TARGET_NAME)";
				SWIFT_VERSION = 5.0;
			};
			name = Release;
		};
		6306B03B2379F6F400D685FA /* Debug */ = {
			isa = XCBuildConfiguration;
			buildSettings = {
				ASSETCATALOG_COMPILER_APPICON_NAME = AppIcon;
				CODE_SIGN_STYLE = Automatic;
				COMBINE_HIDPI_IMAGES = YES;
				DEVELOPMENT_TEAM = 4DS2QCZC54;
				ENABLE_HARDENED_RUNTIME = YES;
				INFOPLIST_FILE = Day07/Info.plist;
				LD_RUNPATH_SEARCH_PATHS = (
					"$(inherited)",
					"@executable_path/../Frameworks",
				);
				PRODUCT_BUNDLE_IDENTIFIER = com.sebastiancelis.Day07;
				PRODUCT_NAME = "$(TARGET_NAME)";
				SWIFT_VERSION = 5.0;
			};
			name = Debug;
		};
		6306B03C2379F6F400D685FA /* Release */ = {
			isa = XCBuildConfiguration;
			buildSettings = {
				ASSETCATALOG_COMPILER_APPICON_NAME = AppIcon;
				CODE_SIGN_STYLE = Automatic;
				COMBINE_HIDPI_IMAGES = YES;
				DEVELOPMENT_TEAM = 4DS2QCZC54;
				ENABLE_HARDENED_RUNTIME = YES;
				INFOPLIST_FILE = Day07/Info.plist;
				LD_RUNPATH_SEARCH_PATHS = (
					"$(inherited)",
					"@executable_path/../Frameworks",
				);
				PRODUCT_BUNDLE_IDENTIFIER = com.sebastiancelis.Day07;
				PRODUCT_NAME = "$(TARGET_NAME)";
				SWIFT_VERSION = 5.0;
			};
			name = Release;
		};
/* End XCBuildConfiguration section */

/* Begin XCConfigurationList section */
		6306AFC62375D64200D685FA /* Build configuration list for PBXProject "2018" */ = {
			isa = XCConfigurationList;
			buildConfigurations = (
				6306AFD72375D64400D685FA /* Debug */,
				6306AFD82375D64400D685FA /* Release */,
			);
			defaultConfigurationIsVisible = 0;
			defaultConfigurationName = Release;
		};
		6306AFEB2375D69200D685FA /* Build configuration list for PBXNativeTarget "Day04" */ = {
			isa = XCConfigurationList;
			buildConfigurations = (
				6306AFEC2375D69200D685FA /* Debug */,
				6306AFED2375D69200D685FA /* Release */,
			);
			defaultConfigurationIsVisible = 0;
			defaultConfigurationName = Release;
		};
		6306B0062375ECCA00D685FA /* Build configuration list for PBXNativeTarget "Day05" */ = {
			isa = XCConfigurationList;
			buildConfigurations = (
				6306B0072375ECCA00D685FA /* Debug */,
				6306B0082375ECCA00D685FA /* Release */,
			);
			defaultConfigurationIsVisible = 0;
			defaultConfigurationName = Release;
		};
		6306B0232379B6ED00D685FA /* Build configuration list for PBXNativeTarget "Day06" */ = {
			isa = XCConfigurationList;
			buildConfigurations = (
				6306B0212379B6ED00D685FA /* Debug */,
				6306B0222379B6ED00D685FA /* Release */,
			);
			defaultConfigurationIsVisible = 0;
			defaultConfigurationName = Release;
		};
		6306B03A2379F6F400D685FA /* Build configuration list for PBXNativeTarget "Day07" */ = {
			isa = XCConfigurationList;
			buildConfigurations = (
				6306B03B2379F6F400D685FA /* Debug */,
				6306B03C2379F6F400D685FA /* Release */,
			);
			defaultConfigurationIsVisible = 0;
			defaultConfigurationName = Release;
		};
/* End XCConfigurationList section */
	};
	rootObject = 6306AFC32375D64200D685FA /* Project object */;
}
